
Microsoft Visual Studio Solution File, Format Version 12.00
# Visual Studio 15
VisualStudioVersion = 15.0.28010.2026
MinimumVisualStudioVersion = 10.0.40219.1
Project("{FAE04EC0-301F-11D3-BF4B-00C04F79EFBC}") = "KlarupHalbooking.GUI", "KlarupHalbooking.GUI\KlarupHalbooking.GUI.csproj", "{2BE121EF-979E-4C25-9AEC-ADDE8766DEC9}"
EndProject
Project("{FAE04EC0-301F-11D3-BF4B-00C04F79EFBC}") = "KlarupHalbooking.Entities", "KlarupHalbooking.Entities\KlarupHalbooking.Entities.csproj", "{C2E86F2E-A7FC-4A3A-8960-D267928A6C38}"
EndProject
Project("{FAE04EC0-301F-11D3-BF4B-00C04F79EFBC}") = "KlarupHalBooking.Client", "KlarupHalBooking.Client\KlarupHalBooking.Client.csproj", "{2D4AB4FE-A9B9-4161-A545-843FF5EB1A75}"
EndProject
Global
	GlobalSection(SolutionConfigurationPlatforms) = preSolution
		Debug|Any CPU = Debug|Any CPU
		Release|Any CPU = Release|Any CPU
	EndGlobalSection
	GlobalSection(ProjectConfigurationPlatforms) = postSolution
		{2BE121EF-979E-4C25-9AEC-ADDE8766DEC9}.Debug|Any CPU.ActiveCfg = Debug|Any CPU
		{2BE121EF-979E-4C25-9AEC-ADDE8766DEC9}.Debug|Any CPU.Build.0 = Debug|Any CPU
		{2BE121EF-979E-4C25-9AEC-ADDE8766DEC9}.Release|Any CPU.ActiveCfg = Release|Any CPU
		{2BE121EF-979E-4C25-9AEC-ADDE8766DEC9}.Release|Any CPU.Build.0 = Release|Any CPU
		{C2E86F2E-A7FC-4A3A-8960-D267928A6C38}.Debug|Any CPU.ActiveCfg = Debug|Any CPU
		{C2E86F2E-A7FC-4A3A-8960-D267928A6C38}.Debug|Any CPU.Build.0 = Debug|Any CPU
		{C2E86F2E-A7FC-4A3A-8960-D267928A6C38}.Release|Any CPU.ActiveCfg = Release|Any CPU
		{C2E86F2E-A7FC-4A3A-8960-D267928A6C38}.Release|Any CPU.Build.0 = Release|Any CPU
		{2D4AB4FE-A9B9-4161-A545-843FF5EB1A75}.Debug|Any CPU.ActiveCfg = Debug|Any CPU
		{2D4AB4FE-A9B9-4161-A545-843FF5EB1A75}.Debug|Any CPU.Build.0 = Debug|Any CPU
		{2D4AB4FE-A9B9-4161-A545-843FF5EB1A75}.Release|Any CPU.ActiveCfg = Release|Any CPU
		{2D4AB4FE-A9B9-4161-A545-843FF5EB1A75}.Release|Any CPU.Build.0 = Release|Any CPU
	EndGlobalSection
	GlobalSection(SolutionProperties) = preSolution
		HideSolutionNode = FALSE
	EndGlobalSection
	GlobalSection(ExtensibilityGlobals) = postSolution
		SolutionGuid = {5AADA74D-1850-48A2-9166-044ABA42E042}
	EndGlobalSection
EndGlobal
